
Microsoft Visual Studio Solution File, Format Version 11.00
# Visual Studio 2010
Project("{FAE04EC0-301F-11D3-BF4B-00C04F79EFBC}") = "Assembly-CSharp", "Assembly-CSharp.csproj", "{c6f15cc0-2d7a-18b3-4e51-1a643b9c7fbb}"
EndProject
Project("{FAE04EC0-301F-11D3-BF4B-00C04F79EFBC}") = "EditorMigrationScripts", "EditorMigrationScripts.csproj", "{0d7adad3-ceaa-1f2e-2b63-661c3f66026d}"
EndProject
Global
	GlobalSection(SolutionConfigurationPlatforms) = preSolution
		Debug|Any CPU = Debug|Any CPU
	EndGlobalSection
	GlobalSection(ProjectConfigurationPlatforms) = postSolution
		{c6f15cc0-2d7a-18b3-4e51-1a643b9c7fbb}.Debug|Any CPU.ActiveCfg = Debug|Any CPU
		{c6f15cc0-2d7a-18b3-4e51-1a643b9c7fbb}.Debug|Any CPU.Build.0 = Debug|Any CPU
		{0d7adad3-ceaa-1f2e-2b63-661c3f66026d}.Debug|Any CPU.ActiveCfg = Debug|Any CPU
		{0d7adad3-ceaa-1f2e-2b63-661c3f66026d}.Debug|Any CPU.Build.0 = Debug|Any CPU
	EndGlobalSection
	GlobalSection(SolutionProperties) = preSolution
		HideSolutionNode = FALSE
	EndGlobalSection
EndGlobal
